<?xml version="1.0" encoding="utf-8"?>
<Project ToolsVersion="4.0" xmlns="http://schemas.microsoft.com/developer/msbuild/2003">
  <ItemGroup>
    <Filter Include="Resource Files">
      <UniqueIdentifier>{67DA6AB6-F800-4c08-8B7A-83BB121AAD01}</UniqueIdentifier>
      <Extensions>rc;ico;cur;bmp;dlg;rc2;rct;bin;rgs;gif;jpg;jpeg;jpe;resx;tiff;tif;png;wav;mfcribbon-ms</Extensions>
    </Filter>
    <Filter Include="Source">
      <UniqueIdentifier>{4FC737F1-C7A5-4376-A066-2A32D752A2FF}</UniqueIdentifier>
      <Extensions>
      </Extensions>
    </Filter>
    <Filter Include="Source\Helpers">
      <UniqueIdentifier>{2c3c3f52-8de1-4ebb-ac28-921c29eebaab}</UniqueIdentifier>
    </Filter>
    <Filter Include="Source\Shaders">
      <UniqueIdentifier>{849be88a-997a-4d7b-b644-f31d75440888}</UniqueIdentifier>
    </Filter>
    <Filter Include="Source\Fonts">
      <UniqueIdentifier>{d8168850-0ff9-48e6-b01d-39e8ac77edc9}</UniqueIdentifier>
    </Filter>
    <Filter Include="Source\Textures">
      <UniqueIdentifier>{0ee6fcb0-700a-4aa2-9159-4fe342772ae0}</UniqueIdentifier>
    </Filter>
    <Filter Include="Source\Meshes">
      <UniqueIdentifier>{b442c7a5-bfd7-4a07-b779-1ced0efe15fb}</UniqueIdentifier>
    </Filter>
    <Filter Include="Source\Networking">
      <UniqueIdentifier>{9d5b1c2c-d2ee-4799-af9f-a44226cd9cd4}</UniqueIdentifier>
    </Filter>
    <Filter Include="Source-Platform">
      <UniqueIdentifier>{fefec6b4-a69b-4fd8-a48b-47fa0d3a7f28}</UniqueIdentifier>
    </Filter>
    <Filter Include="Source-Platform\Source - Android">
      <UniqueIdentifier>{75d864fb-0053-4403-b18b-e961513e5a52}</UniqueIdentifier>
    </Filter>
    <Filter Include="Source-Platform\Source - NaCL">
      <UniqueIdentifier>{2721bf97-177e-4c8c-b05a-dd51ea7e0125}</UniqueIdentifier>
    </Filter>
    <Filter Include="Source-Platform\Source - Windows">
      <UniqueIdentifier>{002809fd-7be1-4802-a623-186361897913}</UniqueIdentifier>
    </Filter>
    <Filter Include="Source-Platform\Source - BlackBerry">
      <UniqueIdentifier>{65fba82d-1d74-4c8b-8eb6-28db9b73f993}</UniqueIdentifier>
    </Filter>
    <Filter Include="Source-Platform\Source - Bada">
      <UniqueIdentifier>{207be109-ea3a-409b-9954-43614489ad5f}</UniqueIdentifier>
    </Filter>
    <Filter Include="Source\Sound">
      <UniqueIdentifier>{2268e88f-3388-4387-ab53-06ebbd97bb87}</UniqueIdentifier>
    </Filter>
    <Filter Include="Source-Platform\Source - IOS">
      <UniqueIdentifier>{42ac7320-8927-4cea-9fbe-1700fa56803d}</UniqueIdentifier>
    </Filter>
    <Filter Include="Source\Sprites">
      <UniqueIdentifier>{615eeca6-f00d-4ab6-85ee-a8a68156e97d}</UniqueIdentifier>
    </Filter>
    <Filter Include="Source\Particles">
      <UniqueIdentifier>{716f2563-963b-485d-830d-0c71e8976ed2}</UniqueIdentifier>
    </Filter>
    <Filter Include="Source-Platform\Source - WP8">
      <UniqueIdentifier>{eeaedc74-0a54-4f05-a378-aecb28033585}</UniqueIdentifier>
    </Filter>
    <Filter Include="Source-Platform\Source - Emscripten">
      <UniqueIdentifier>{487cbf7a-f18a-492d-9487-93fe9873b421}</UniqueIdentifier>
    </Filter>
    <Filter Include="Source\GL">
      <UniqueIdentifier>{9b36afe3-4c88-413f-8b2e-4eac226a31ee}</UniqueIdentifier>
    </Filter>
    <Filter Include="Source-Platform\Source - Widgets">
      <UniqueIdentifier>{cc0454a4-e98f-4d9d-94f0-46cf01b59ad5}</UniqueIdentifier>
    </Filter>
    <Filter Include="Source-Platform\Source - Android\Java">
      <UniqueIdentifier>{376a5dee-0e32-4b6c-a198-072fa12798cb}</UniqueIdentifier>
    </Filter>
    <Filter Include="Source\JSON">
      <UniqueIdentifier>{b5c25fdd-c175-4fb3-a7c7-1c73fed30902}</UniqueIdentifier>
    </Filter>
    <Filter Include="Source\DataTypes">
      <UniqueIdentifier>{3e16045f-d83e-471f-af34-db1a6a84c2f6}</UniqueIdentifier>
    </Filter>
    <Filter Include="Source\Physics">
      <UniqueIdentifier>{a25f0f56-2884-4717-a5ad-e9ee2c0250fc}</UniqueIdentifier>
    </Filter>
    <Filter Include="Source\Memory">
      <UniqueIdentifier>{d2da7e06-8405-4bf7-9df8-6aebaa1b8b83}</UniqueIdentifier>
    </Filter>
    <Filter Include="Source\SceneGraphs">
      <UniqueIdentifier>{375e65cc-77be-4ef4-8595-2fcc2a5483d8}</UniqueIdentifier>
    </Filter>
    <Filter Include="Source\Events">
      <UniqueIdentifier>{5803e1d8-cc4e-4dcb-b790-536ca3322646}</UniqueIdentifier>
    </Filter>
    <Filter Include="Libraries">
      <UniqueIdentifier>{7e001254-0394-435c-8755-4fc03d29e49c}</UniqueIdentifier>
    </Filter>
    <Filter Include="Libraries\cJSON">
      <UniqueIdentifier>{5fdfead3-e1d6-43e3-a240-d6cc3c71fe48}</UniqueIdentifier>
    </Filter>
    <Filter Include="Libraries\LodePNG">
      <UniqueIdentifier>{6383b092-a33c-4435-b9ce-76c3ded403df}</UniqueIdentifier>
    </Filter>
    <Filter Include="Source\Input">
      <UniqueIdentifier>{9f6e2177-bf84-4827-8452-04d329dde9ce}</UniqueIdentifier>
    </Filter>
    <Filter Include="Source\Multithreading">
      <UniqueIdentifier>{2cabcba5-766d-4d7a-856e-4cd0607e9f65}</UniqueIdentifier>
    </Filter>
    <Filter Include="Libraries\b2Settings">
      <UniqueIdentifier>{ce25fdbb-cd45-42d8-9295-858af7007717}</UniqueIdentifier>
    </Filter>
    <Filter Include="Libraries\pthreads-w32">
      <UniqueIdentifier>{d7b3a536-229b-402a-bdfd-732b432d3c52}</UniqueIdentifier>
    </Filter>
    <Filter Include="Source-Editor">
      <UniqueIdentifier>{5f959bfc-ec17-407d-85d4-5054d2d8f1c6}</UniqueIdentifier>
    </Filter>
    <Filter Include="Libraries\OpenSimplexInC">
      <UniqueIdentifier>{ae50c135-b1a5-47d7-8eac-7618130d1030}</UniqueIdentifier>
    </Filter>
    <Filter Include="Libraries\mtrand">
      <UniqueIdentifier>{6ce22a2f-1958-4ed7-8739-1ddbe862d300}</UniqueIdentifier>
    </Filter>
    <Filter Include="Libraries\expr_eval">
      <UniqueIdentifier>{da87d3d5-0d05-4772-8d01-7b673bd918d9}</UniqueIdentifier>
    </Filter>
    <Filter Include="Source\Renderers">
      <UniqueIdentifier>{afb726f6-1e25-440d-b168-b8b387910532}</UniqueIdentifier>
    </Filter>
    <Filter Include="Source\Renderers\OpenGL">
      <UniqueIdentifier>{84985293-f29e-467c-846c-321cbf42cb48}</UniqueIdentifier>
    </Filter>
    <Filter Include="Source\Renderers\Old">
      <UniqueIdentifier>{1c434e93-7927-42d8-9515-c7412b3421eb}</UniqueIdentifier>
    </Filter>
  </ItemGroup>
  <ItemGroup>
    <ClCompile Include="SourceAndroid\TextureLoader.cpp">
      <Filter>Source-Platform\Source - Android</Filter>
    </ClCompile>
    <ClCompile Include="SourceCommon\Helpers\MessageLog.cpp">
      <Filter>Source\Helpers</Filter>
    </ClCompile>
    <ClCompile Include="SourceCommon\GameCore.cpp">
      <Filter>Source</Filter>
    </ClCompile>
    <ClCompile Include="SourceCommon\Helpers\MyMemory.cpp">
      <Filter>Source\Helpers</Filter>
    </ClCompile>
    <ClCompile Include="SourceCommon\Shaders\ShaderManager.cpp">
      <Filter>Source\Shaders</Filter>
    </ClCompile>
    <ClCompile Include="SourceNaCL\MainInstance.cpp">
      <Filter>Source-Platform\Source - NaCL</Filter>
    </ClCompile>
    <ClCompile Include="SourceNaCL\OpenGLContext.cpp">
      <Filter>Source-Platform\Source - NaCL</Filter>
    </ClCompile>
    <ClCompile Include="SourceCommon\Fonts\FontManager.cpp">
      <Filter>Source\Fonts</Filter>
    </ClCompile>
    <ClCompile Include="SourceCommon\Textures\TextureManager.cpp">
      <Filter>Source\Textures</Filter>
    </ClCompile>
    <ClCompile Include="SourceAndroid\SoundPlayer.cpp">
      <Filter>Source-Platform\Source - Android</Filter>
    </ClCompile>
    <ClCompile Include="SourceNaCL\SoundPlayer.cpp">
      <Filter>Source-Platform\Source - NaCL</Filter>
    </ClCompile>
    <ClCompile Include="SourceCommon\Meshes\MyMesh.cpp">
      <Filter>Source\Meshes</Filter>
    </ClCompile>
    <ClCompile Include="SourceCommon\CommonHeader.cpp">
      <Filter>Source</Filter>
    </ClCompile>
    <ClCompile Include="SourceAndroid\SavedData.cpp">
      <Filter>Source-Platform\Source - Android</Filter>
    </ClCompile>
    <ClCompile Include="SourceWindows\SavedData.cpp">
      <Filter>Source-Platform\Source - Windows</Filter>
    </ClCompile>
    <ClCompile Include="SourceCommon\Networking\WebRequest.cpp">
      <Filter>Source\Networking</Filter>
    </ClCompile>
    <ClCompile Include="SourceNaCL\SavedData.cpp">
      <Filter>Source-Platform\Source - NaCL</Filter>
    </ClCompile>
    <ClCompile Include="SourceNaCL\NaCLWebRequest.cpp">
      <Filter>Source-Platform\Source - NaCL</Filter>
    </ClCompile>
    <ClCompile Include="SourceCommon\Helpers\MyTime.cpp">
      <Filter>Source\Helpers</Filter>
    </ClCompile>
    <ClCompile Include="SourceCommon\Helpers\ExternalTools.cpp">
      <Filter>Source\Helpers</Filter>
    </ClCompile>
    <ClCompile Include="SourceBlackBerry\SavedData.cpp">
      <Filter>Source-Platform\Source - BlackBerry</Filter>
    </ClCompile>
    <ClCompile Include="SourceBada\SavedData.cpp">
      <Filter>Source-Platform\Source - Bada</Filter>
    </ClCompile>
    <ClCompile Include="SourceBada\SoundPlayer.cpp">
      <Filter>Source-Platform\Source - Bada</Filter>
    </ClCompile>
    <ClCompile Include="SourceBada\TextureLoader.cpp">
      <Filter>Source-Platform\Source - Bada</Filter>
    </ClCompile>
    <ClCompile Include="SourceCommon\Sound\SoundPlayerOpenAL.cpp">
      <Filter>Source\Sound</Filter>
    </ClCompile>
    <ClCompile Include="SourceCommon\Sound\WaveLoader.cpp">
      <Filter>Source\Sound</Filter>
    </ClCompile>
    <ClCompile Include="SourceIOS\TextureLoader.cpp">
      <Filter>Source-Platform\Source - IOS</Filter>
    </ClCompile>
    <ClCompile Include="SourceCommon\Sprites\MySprite.cpp">
      <Filter>Source\Sprites</Filter>
    </ClCompile>
    <ClCompile Include="SourceCommon\Sprites\MySprite_XYZVertexColor.cpp">
      <Filter>Source\Sprites</Filter>
    </ClCompile>
    <ClCompile Include="SourceCommon\Networking\URLEncode.cpp">
      <Filter>Source\Networking</Filter>
    </ClCompile>
    <ClCompile Include="SourceCommon\Sprites\SpriteBatch.cpp">
      <Filter>Source\Sprites</Filter>
    </ClCompile>
    <ClCompile Include="SourceCommon\Sprites\SpriteBatch_XYZVertexColor.cpp">
      <Filter>Source\Sprites</Filter>
    </ClCompile>
    <ClCompile Include="SourceCommon\Sprites\AnimatedSprite.cpp">
      <Filter>Source\Sprites</Filter>
    </ClCompile>
    <ClCompile Include="SourceCommon\Sprites\AnimationKeys.cpp">
      <Filter>Source\Sprites</Filter>
    </ClCompile>
    <ClCompile Include="SourceCommon\Helpers\MyTweener.cpp">
      <Filter>Source\Helpers</Filter>
    </ClCompile>
    <ClCompile Include="SourceCommon\Sprites\SpriteSheet.cpp">
      <Filter>Source\Sprites</Filter>
    </ClCompile>
    <ClCompile Include="SourceCommon\Networking\GameServiceManager.cpp">
      <Filter>Source\Networking</Filter>
    </ClCompile>
    <ClCompile Include="SourceCommon\Particles\ParticleRenderer.cpp">
      <Filter>Source\Particles</Filter>
    </ClCompile>
    <ClCompile Include="SourceBlackBerry\MediaPlayer.cpp">
      <Filter>Source-Platform\Source - BlackBerry</Filter>
    </ClCompile>
    <ClCompile Include="SourceCommon\Textures\FBODefinition.cpp">
      <Filter>Source\Textures</Filter>
    </ClCompile>
    <ClCompile Include="SourceCommon\Sprites\SpriteSheet_XYZVertexColor.cpp">
      <Filter>Source\Sprites</Filter>
    </ClCompile>
    <ClCompile Include="SourceCommon\Networking\GameService_ScoreLoop.cpp">
      <Filter>Source\Networking</Filter>
    </ClCompile>
    <ClCompile Include="SourceWindows\Screenshot.cpp">
      <Filter>Source-Platform\Source - Windows</Filter>
    </ClCompile>
    <ClCompile Include="SourceWP8\SoundPlayer.cpp">
      <Filter>Source-Platform\Source - WP8</Filter>
    </ClCompile>
    <ClCompile Include="SourceWP8\TextureLoader.cpp">
      <Filter>Source-Platform\Source - WP8</Filter>
    </ClCompile>
    <ClCompile Include="SourceBlackBerry\BBM.cpp">
      <Filter>Source-Platform\Source - BlackBerry</Filter>
    </ClCompile>
    <ClCompile Include="SourceCommon\Networking\StunClient.cpp">
      <Filter>Source\Networking</Filter>
    </ClCompile>
    <ClCompile Include="SourceCommon\Networking\UDPSocket.cpp">
      <Filter>Source\Networking</Filter>
    </ClCompile>
    <ClCompile Include="SourceCommon\Networking\GameService_MyServer.cpp">
      <Filter>Source\Networking</Filter>
    </ClCompile>
    <ClCompile Include="SourceCommon\Shaders\Shader_Base.cpp">
      <Filter>Source\Shaders</Filter>
    </ClCompile>
    <ClCompile Include="SourceCommon\Shaders\VertexFormats.cpp">
      <Filter>Source\Shaders</Filter>
    </ClCompile>
    <ClCompile Include="SourceEmscripten\SavedData.cpp">
      <Filter>Source-Platform\Source - Emscripten</Filter>
    </ClCompile>
    <ClCompile Include="SourceBlackBerry\BBMain.cpp">
      <Filter>Source-Platform\Source - BlackBerry</Filter>
    </ClCompile>
    <ClCompile Include="SourceBlackBerry\bbutil.cpp">
      <Filter>Source-Platform\Source - BlackBerry</Filter>
    </ClCompile>
    <ClCompile Include="SourceCommon\Meshes\MyLight.cpp">
      <Filter>Source\Meshes</Filter>
    </ClCompile>
    <ClCompile Include="SourceCommon\Networking\LeaderboardStorageScoreLoop.cpp">
      <Filter>Source\Networking</Filter>
    </ClCompile>
    <ClCompile Include="SourceCommon\Shaders\ShaderGroup.cpp">
      <Filter>Source\Shaders</Filter>
    </ClCompile>
    <ClCompile Include="SourceCommon\Meshes\BufferManager.cpp">
      <Filter>Source\Meshes</Filter>
    </ClCompile>
    <ClCompile Include="SourceCommon\Sprites\MySprite9.cpp">
      <Filter>Source\Sprites</Filter>
    </ClCompile>
    <ClCompile Include="SourceBlackBerry\IAPManager.cpp">
      <Filter>Source-Platform\Source - BlackBerry</Filter>
    </ClCompile>
    <ClCompile Include="SourceWindows\GLExtensions.cpp">
      <Filter>Source-Platform\Source - Windows</Filter>
    </ClCompile>
    <ClCompile Include="SourceWidgets\PanelWatch.cpp">
      <Filter>Source-Platform\Source - Widgets</Filter>
    </ClCompile>
    <ClCompile Include="SourceWidgets\PanelMemory.cpp">
      <Filter>Source-Platform\Source - Widgets</Filter>
    </ClCompile>
    <ClCompile Include="SourceWidgets\PanelObjectList.cpp">
      <Filter>Source-Platform\Source - Widgets</Filter>
    </ClCompile>
    <ClCompile Include="SourceCommon\Helpers\FileManager.cpp">
      <Filter>Source\Helpers</Filter>
    </ClCompile>
    <ClCompile Include="SourceWindows\MYFWWinMain.cpp">
      <Filter>Source-Platform\Source - Windows</Filter>
    </ClCompile>
    <ClCompile Include="SourceAndroid\GLExtensions.cpp">
      <Filter>Source-Platform\Source - Android</Filter>
    </ClCompile>
    <ClCompile Include="SourceBlackBerry\GLExtensions.cpp">
      <Filter>Source-Platform\Source - BlackBerry</Filter>
    </ClCompile>
    <ClCompile Include="SourceEmscripten\GLExtensions.cpp">
      <Filter>Source-Platform\Source - Emscripten</Filter>
    </ClCompile>
    <ClCompile Include="SourceEmscripten\WebRequest.cpp">
      <Filter>Source-Platform\Source - Emscripten</Filter>
    </ClCompile>
    <ClCompile Include="SourceAndroid\JavaInterface.c">
      <Filter>Source-Platform\Source - Android</Filter>
    </ClCompile>
    <ClCompile Include="SourceAndroid\JavaInterfaceCPP.cpp">
      <Filter>Source-Platform\Source - Android</Filter>
    </ClCompile>
    <ClCompile Include="SourceNaCL\GLExtensions.cpp">
      <Filter>Source-Platform\Source - NaCL</Filter>
    </ClCompile>
    <ClCompile Include="SourceCommon\JSON\cJSONHelpers.cpp">
      <Filter>Source\JSON</Filter>
    </ClCompile>
    <ClCompile Include="SourceCommon\Fonts\BMFont.cpp">
      <Filter>Source\Fonts</Filter>
    </ClCompile>
    <ClCompile Include="SourceCommon\DataTypes\ColorStructs.cpp">
      <Filter>Source\DataTypes</Filter>
    </ClCompile>
    <ClCompile Include="SourceCommon\DataTypes\MyMatrix.cpp">
      <Filter>Source\DataTypes</Filter>
    </ClCompile>
    <ClCompile Include="SourceCommon\DataTypes\Vector.cpp">
      <Filter>Source\DataTypes</Filter>
    </ClCompile>
    <ClCompile Include="SourceCommon\Shaders\GLHelpers.cpp">
      <Filter>Source\Shaders</Filter>
    </ClCompile>
    <ClCompile Include="SourceIOS\IAPManagerIOS.mm">
      <Filter>Source-Platform\Source - IOS</Filter>
    </ClCompile>
    <ClCompile Include="SourceCommon\Meshes\OBJLoader.cpp">
      <Filter>Source\Meshes</Filter>
    </ClCompile>
    <ClCompile Include="SourceCommon\DataTypes\Plane.cpp">
      <Filter>Source\DataTypes</Filter>
    </ClCompile>
    <ClCompile Include="SourceCommon\Meshes\MeshManager.cpp">
      <Filter>Source\Meshes</Filter>
    </ClCompile>
    <ClCompile Include="SourceCommon\Meshes\LightManager.cpp">
      <Filter>Source\Meshes</Filter>
    </ClCompile>
    <ClCompile Include="SourceCommon\Shaders\MyFileObjectShader.cpp">
      <Filter>Source\Shaders</Filter>
    </ClCompile>
    <ClCompile Include="SourceCommon\Helpers\MyFileObject.cpp">
      <Filter>Source\Helpers</Filter>
    </ClCompile>
    <ClCompile Include="SourceCommon\Meshes\MyMeshLoader.cpp">
      <Filter>Source\Meshes</Filter>
    </ClCompile>
    <ClCompile Include="SourceCommon\Meshes\MyAnimation.cpp">
      <Filter>Source\Meshes</Filter>
    </ClCompile>
    <ClCompile Include="SourceCommon\DataTypes\MyQuaternion.cpp">
      <Filter>Source\DataTypes</Filter>
    </ClCompile>
    <ClCompile Include="SourceCommon\Shaders\VertexFormatManager.cpp">
      <Filter>Source\Shaders</Filter>
    </ClCompile>
    <ClCompile Include="SourceCommon\Textures\MaterialManager.cpp">
      <Filter>Source\Textures</Filter>
    </ClCompile>
    <ClCompile Include="SourceCommon\Helpers\TypeInfo.cpp">
      <Filter>Source\Helpers</Filter>
    </ClCompile>
    <ClCompile Include="SourceCommon\Helpers\MyAssert.cpp">
      <Filter>Source\Helpers</Filter>
    </ClCompile>
    <ClCompile Include="SourceCommon\Textures\MaterialDefinition.cpp">
      <Filter>Source\Textures</Filter>
    </ClCompile>
    <ClCompile Include="SourceCommon\Helpers\Utility.cpp">
      <Filter>Source\Helpers</Filter>
    </ClCompile>
    <ClCompile Include="SourceCommon\Particles\ParticleRendererInstanced.cpp">
      <Filter>Source\Particles</Filter>
    </ClCompile>
    <ClCompile Include="SourceCommon\Physics\Box2DWorld.cpp">
      <Filter>Source\Physics</Filter>
    </ClCompile>
    <ClCompile Include="SourceCommon\Physics\Box2DDebugDraw.cpp">
      <Filter>Source\Physics</Filter>
    </ClCompile>
    <ClCompile Include="SourceCommon\Physics\Box2DContactListener.cpp">
      <Filter>Source\Physics</Filter>
    </ClCompile>
    <ClCompile Include="SourceCommon\Sound\SoundManager.cpp">
      <Filter>Source\Sound</Filter>
    </ClCompile>
    <ClCompile Include="SourceCommon\Memory\MyStackAllocator.cpp">
      <Filter>Source\Memory</Filter>
    </ClCompile>
    <ClCompile Include="SourceCommon\SceneGraphs\SceneGraph_Base.cpp">
      <Filter>Source\SceneGraphs</Filter>
    </ClCompile>
    <ClCompile Include="SourceCommon\SceneGraphs\SceneGraph_Flat.cpp">
      <Filter>Source\SceneGraphs</Filter>
    </ClCompile>
    <ClCompile Include="SourceCommon\Events\EventManager.cpp">
      <Filter>Source\Events</Filter>
    </ClCompile>
    <ClCompile Include="SourceCommon\Events\MyEvent.cpp">
      <Filter>Source\Events</Filter>
    </ClCompile>
    <ClCompile Include="SourceCommon\Events\EventTypeManager.cpp">
      <Filter>Source\Events</Filter>
    </ClCompile>
    <ClCompile Include="..\Libraries\LodePNG\lodepng.cpp">
      <Filter>Libraries\LodePNG</Filter>
    </ClCompile>
    <ClCompile Include="SourceAndroid\IAPManagerAndroid.cpp">
      <Filter>Source-Platform\Source - Android</Filter>
    </ClCompile>
    <ClCompile Include="SourceWindows\GamepadManagerXInput.cpp">
      <Filter>Source-Platform\Source - Windows</Filter>
    </ClCompile>
    <ClCompile Include="SourceCommon\Input\GamepadManager.cpp">
      <Filter>Source\Input</Filter>
    </ClCompile>
    <ClCompile Include="SourceCommon\DataTypes\MyTypes.cpp">
      <Filter>Source\DataTypes</Filter>
    </ClCompile>
    <ClCompile Include="SourceWindows\WGLExtensions.cpp">
      <Filter>Source-Platform\Source - Windows</Filter>
    </ClCompile>
    <ClCompile Include="SourceCommon\Sprites\My2DAnimInfo.cpp">
      <Filter>Source\Sprites</Filter>
    </ClCompile>
    <ClCompile Include="SourceCommon\Multithreading\MyThread.cpp">
      <Filter>Source\Multithreading</Filter>
    </ClCompile>
    <ClCompile Include="SourceCommon\Multithreading\MyJobManager.cpp">
      <Filter>Source\Multithreading</Filter>
    </ClCompile>
    <ClCompile Include="SourceNaCL\NaCLFileObject.cpp">
      <Filter>Source-Platform\Source - NaCL</Filter>
    </ClCompile>
    <ClCompile Include="SourceCommon\SceneGraphs\SceneGraph_Octree.cpp">
      <Filter>Source\SceneGraphs</Filter>
    </ClCompile>
    <ClCompile Include="SourceAndroid\SoundPlayerOpenSL.cpp">
      <Filter>Source-Platform\Source - Android</Filter>
    </ClCompile>
    <ClCompile Include="SourceWindows\SoundPlayerXAudio.cpp">
      <Filter>Source-Platform\Source - Windows</Filter>
    </ClCompile>
    <ClCompile Include="SourceWindows\SoundPlayerSDL.cpp">
      <Filter>Source-Platform\Source - Windows</Filter>
    </ClCompile>
    <ClCompile Include="SourceCommon\Textures\TextureDefinition.cpp">
      <Filter>Source\Textures</Filter>
    </ClCompile>
    <ClCompile Include="SourceWidgets\MYFWMainWx.cpp">
      <Filter>Source-Platform\Source - Widgets</Filter>
    </ClCompile>
    <ClCompile Include="SourceEditor\CommandStack.cpp">
      <Filter>Source-Editor</Filter>
    </ClCompile>
    <ClCompile Include="SourceEditor\DragAndDropHackery.cpp">
      <Filter>Source-Editor</Filter>
    </ClCompile>
    <ClCompile Include="SourceEditor\EditorCommands.cpp">
      <Filter>Source-Editor</Filter>
    </ClCompile>
    <ClCompile Include="..\Libraries\OpenSimplexInC\open-simplex-noise.c">
      <Filter>Libraries\OpenSimplexInC</Filter>
    </ClCompile>
    <ClCompile Include="SourceCommon\Helpers\GlobalEnums.cpp">
      <Filter>Source\Helpers</Filter>
    </ClCompile>
    <ClCompile Include="..\Libraries\cJSON\cJSON.c">
      <Filter>Libraries\cJSON</Filter>
    </ClCompile>
    <ClCompile Include="..\Libraries\mtrand\mtrand.cpp">
      <Filter>Libraries\mtrand</Filter>
    </ClCompile>
    <ClCompile Include="SourceCommon\Renderers\Old\DXWrapper.cpp">
      <Filter>Source\Renderers\Old</Filter>
    </ClCompile>
    <ClCompile Include="SourceCommon\Renderers\Old\OpenGLWrapper.cpp">
      <Filter>Source\Renderers\Old</Filter>
    </ClCompile>
    <ClCompile Include="SourceCommon\Renderers\OpenGL\Renderer_OpenGL.cpp">
      <Filter>Source\Renderers\OpenGL</Filter>
    </ClCompile>
    <ClCompile Include="SourceCommon\Renderers\Renderer_Base.cpp">
      <Filter>Source\Renderers</Filter>
    </ClCompile>
    <ClCompile Include="SourceCommon\Renderers\Renderer_Enums.cpp">
      <Filter>Source\Renderers</Filter>
    </ClCompile>
  </ItemGroup>
  <ItemGroup>
    <ClInclude Include="SourceCommon\CommonHeader.h">
      <Filter>Source</Filter>
    </ClInclude>
    <ClInclude Include="SourceAndroid\TextureLoader.h">
      <Filter>Source-Platform\Source - Android</Filter>
    </ClInclude>
    <ClInclude Include="SourceCommon\Helpers\MessageLog.h">
      <Filter>Source\Helpers</Filter>
    </ClInclude>
    <ClInclude Include="SourceCommon\Shaders\ListOfShaders.h">
      <Filter>Source\Shaders</Filter>
    </ClInclude>
    <ClInclude Include="SourceCommon\GameCore.h">
      <Filter>Source</Filter>
    </ClInclude>
    <ClInclude Include="SourceCommon\Helpers\MyMemory.h">
      <Filter>Source\Helpers</Filter>
    </ClInclude>
    <ClInclude Include="SourceCommon\Shaders\ShaderManager.h">
      <Filter>Source\Shaders</Filter>
    </ClInclude>
    <ClInclude Include="SourceNaCL\MainInstance.h">
      <Filter>Source-Platform\Source - NaCL</Filter>
    </ClInclude>
    <ClInclude Include="SourceNaCL\OpenGLContext.h">
      <Filter>Source-Platform\Source - NaCL</Filter>
    </ClInclude>
    <ClInclude Include="SourceCommon\Fonts\FontManager.h">
      <Filter>Source\Fonts</Filter>
    </ClInclude>
    <ClInclude Include="SourceCommon\Textures\TextureManager.h">
      <Filter>Source\Textures</Filter>
    </ClInclude>
    <ClInclude Include="SourceNaCL\ReallyShittyCode.h">
      <Filter>Source-Platform\Source - NaCL</Filter>
    </ClInclude>
    <ClInclude Include="SourceCommon\Shaders\VertexFormats.h">
      <Filter>Source\Shaders</Filter>
    </ClInclude>
    <ClInclude Include="SourceAndroid\SoundPlayer.h">
      <Filter>Source-Platform\Source - Android</Filter>
    </ClInclude>
    <ClInclude Include="SourceNaCL\SoundPlayer.h">
      <Filter>Source-Platform\Source - NaCL</Filter>
    </ClInclude>
    <ClInclude Include="SourceCommon\Meshes\MyMesh.h">
      <Filter>Source\Meshes</Filter>
    </ClInclude>
    <ClInclude Include="SourceAndroid\SavedData.h">
      <Filter>Source-Platform\Source - Android</Filter>
    </ClInclude>
    <ClInclude Include="SourceWindows\SavedData.h">
      <Filter>Source-Platform\Source - Windows</Filter>
    </ClInclude>
    <ClInclude Include="SourceCommon\Networking\WebRequest.h">
      <Filter>Source\Networking</Filter>
    </ClInclude>
    <ClInclude Include="SourceNaCL\SavedData.h">
      <Filter>Source-Platform\Source - NaCL</Filter>
    </ClInclude>
    <ClInclude Include="SourceNaCL\NaCLWebRequest.h">
      <Filter>Source-Platform\Source - NaCL</Filter>
    </ClInclude>
    <ClInclude Include="SourceCommon\Helpers\MyTime.h">
      <Filter>Source\Helpers</Filter>
    </ClInclude>
    <ClInclude Include="SourceCommon\Helpers\Utility.h">
      <Filter>Source\Helpers</Filter>
    </ClInclude>
    <ClInclude Include="SourceCommon\Helpers\ExternalTools.h">
      <Filter>Source\Helpers</Filter>
    </ClInclude>
    <ClInclude Include="SourceBlackBerry\SavedData.h">
      <Filter>Source-Platform\Source - BlackBerry</Filter>
    </ClInclude>
    <ClInclude Include="SourceBada\SavedData.h">
      <Filter>Source-Platform\Source - Bada</Filter>
    </ClInclude>
    <ClInclude Include="SourceBada\SoundPlayer.h">
      <Filter>Source-Platform\Source - Bada</Filter>
    </ClInclude>
    <ClInclude Include="SourceBada\TextureLoader.h">
      <Filter>Source-Platform\Source - Bada</Filter>
    </ClInclude>
    <ClInclude Include="SourceCommon\Sound\SoundPlayerOpenAL.h">
      <Filter>Source\Sound</Filter>
    </ClInclude>
    <ClInclude Include="SourceCommon\Sound\WaveLoader.h">
      <Filter>Source\Sound</Filter>
    </ClInclude>
    <ClInclude Include="SourceIOS\ExternalToolsIOS.h">
      <Filter>Source-Platform\Source - IOS</Filter>
    </ClInclude>
    <ClInclude Include="SourceIOS\SavedData.h">
      <Filter>Source-Platform\Source - IOS</Filter>
    </ClInclude>
    <ClInclude Include="SourceIOS\TextureLoader.h">
      <Filter>Source-Platform\Source - IOS</Filter>
    </ClInclude>
    <ClInclude Include="SourceCommon\Sprites\MySprite.h">
      <Filter>Source\Sprites</Filter>
    </ClInclude>
    <ClInclude Include="SourceCommon\Sprites\MySprite_XYZVertexColor.h">
      <Filter>Source\Sprites</Filter>
    </ClInclude>
    <ClInclude Include="SourceCommon\Networking\URLEncode.h">
      <Filter>Source\Networking</Filter>
    </ClInclude>
    <ClInclude Include="SourceCommon\Helpers\RefCount.h">
      <Filter>Source\Helpers</Filter>
    </ClInclude>
    <ClInclude Include="SourceCommon\Sprites\SpriteBatch.h">
      <Filter>Source\Sprites</Filter>
    </ClInclude>
    <ClInclude Include="SourceCommon\Sprites\SpriteBatch_XYZVertexColor.h">
      <Filter>Source\Sprites</Filter>
    </ClInclude>
    <ClInclude Include="SourceCommon\Sprites\AnimatedSprite.h">
      <Filter>Source\Sprites</Filter>
    </ClInclude>
    <ClInclude Include="SourceCommon\Sprites\AnimationKeys.h">
      <Filter>Source\Sprites</Filter>
    </ClInclude>
    <ClInclude Include="SourceCommon\Helpers\MyTweener.h">
      <Filter>Source\Helpers</Filter>
    </ClInclude>
    <ClInclude Include="SourceCommon\Sprites\SpriteSheet.h">
      <Filter>Source\Sprites</Filter>
    </ClInclude>
    <ClInclude Include="SourceIOS\AppController.h">
      <Filter>Source-Platform\Source - IOS</Filter>
    </ClInclude>
    <ClInclude Include="SourceIOS\AppDelegate.h">
      <Filter>Source-Platform\Source - IOS</Filter>
    </ClInclude>
    <ClInclude Include="SourceIOS\ViewController.h">
      <Filter>Source-Platform\Source - IOS</Filter>
    </ClInclude>
    <ClInclude Include="SourceCommon\Networking\GameServiceManager.h">
      <Filter>Source\Networking</Filter>
    </ClInclude>
    <ClInclude Include="SourceCommon\Particles\ParticleRenderer.h">
      <Filter>Source\Particles</Filter>
    </ClInclude>
    <ClInclude Include="SourceIOS\GameCenter.h">
      <Filter>Source-Platform\Source - IOS</Filter>
    </ClInclude>
    <ClInclude Include="SourceBlackBerry\MediaPlayer.h">
      <Filter>Source-Platform\Source - BlackBerry</Filter>
    </ClInclude>
    <ClInclude Include="SourceCommon\Textures\FBODefinition.h">
      <Filter>Source\Textures</Filter>
    </ClInclude>
    <ClInclude Include="SourceCommon\Sprites\SpriteSheet_XYZVertexColor.h">
      <Filter>Source\Sprites</Filter>
    </ClInclude>
    <ClInclude Include="SourceCommon\Networking\GameService_ScoreLoop.h">
      <Filter>Source\Networking</Filter>
    </ClInclude>
    <ClInclude Include="SourceWindows\Screenshot.h">
      <Filter>Source-Platform\Source - Windows</Filter>
    </ClInclude>
    <ClInclude Include="SourceWP8\SoundPlayer.h">
      <Filter>Source-Platform\Source - WP8</Filter>
    </ClInclude>
    <ClInclude Include="SourceWP8\TextureLoader.h">
      <Filter>Source-Platform\Source - WP8</Filter>
    </ClInclude>
    <ClInclude Include="SourceBlackBerry\BBM.h">
      <Filter>Source-Platform\Source - BlackBerry</Filter>
    </ClInclude>
    <ClInclude Include="SourceCommon\Networking\StunClient.h">
      <Filter>Source\Networking</Filter>
    </ClInclude>
    <ClInclude Include="SourceCommon\Networking\UDPSocket.h">
      <Filter>Source\Networking</Filter>
    </ClInclude>
    <ClInclude Include="SourceCommon\Networking\GameService_MyServer.h">
      <Filter>Source\Networking</Filter>
    </ClInclude>
    <ClInclude Include="SourceCommon\Shaders\Shader_Base.h">
      <Filter>Source\Shaders</Filter>
    </ClInclude>
    <ClInclude Include="SourceEmscripten\SavedData.h">
      <Filter>Source-Platform\Source - Emscripten</Filter>
    </ClInclude>
    <ClInclude Include="SourceBlackBerry\BBMain.h">
      <Filter>Source-Platform\Source - BlackBerry</Filter>
    </ClInclude>
    <ClInclude Include="SourceBlackBerry\bbutil.h">
      <Filter>Source-Platform\Source - BlackBerry</Filter>
    </ClInclude>
    <ClInclude Include="SourceCommon\Meshes\MyLight.h">
      <Filter>Source\Meshes</Filter>
    </ClInclude>
    <ClInclude Include="SourceCommon\Networking\LeaderboardStorageScoreLoop.h">
      <Filter>Source\Networking</Filter>
    </ClInclude>
    <ClInclude Include="SourceCommon\Shaders\ShaderGroup.h">
      <Filter>Source\Shaders</Filter>
    </ClInclude>
    <ClInclude Include="SourceCommon\Meshes\BufferManager.h">
      <Filter>Source\Meshes</Filter>
    </ClInclude>
    <ClInclude Include="SourceCommon\Sprites\MySprite9.h">
      <Filter>Source\Sprites</Filter>
    </ClInclude>
    <ClInclude Include="SourceCommon\GL\glext.h">
      <Filter>Source\GL</Filter>
    </ClInclude>
    <ClInclude Include="SourceBlackBerry\IAPManager.h">
      <Filter>Source-Platform\Source - BlackBerry</Filter>
    </ClInclude>
    <ClInclude Include="SourceWindows\GLExtensions.h">
      <Filter>Source-Platform\Source - Windows</Filter>
    </ClInclude>
    <ClInclude Include="SourceWindows\glext.h">
      <Filter>Source-Platform\Source - Windows</Filter>
    </ClInclude>
    <ClInclude Include="SourceWindows\wglext.h">
      <Filter>Source-Platform\Source - Windows</Filter>
    </ClInclude>
    <ClInclude Include="SourceWidgets\PanelWatch.h">
      <Filter>Source-Platform\Source - Widgets</Filter>
    </ClInclude>
    <ClInclude Include="SourceWidgets\PanelMemory.h">
      <Filter>Source-Platform\Source - Widgets</Filter>
    </ClInclude>
    <ClInclude Include="SourceWidgets\PanelObjectList.h">
      <Filter>Source-Platform\Source - Widgets</Filter>
    </ClInclude>
    <ClInclude Include="SourceCommon\Helpers\FileManager.h">
      <Filter>Source\Helpers</Filter>
    </ClInclude>
    <ClInclude Include="SourceWindows\MYFWWinMain.h">
      <Filter>Source-Platform\Source - Windows</Filter>
    </ClInclude>
    <ClInclude Include="SourceAndroid\GLExtensions.h">
      <Filter>Source-Platform\Source - Android</Filter>
    </ClInclude>
    <ClInclude Include="SourceBlackBerry\GLExtensions.h">
      <Filter>Source-Platform\Source - BlackBerry</Filter>
    </ClInclude>
    <ClInclude Include="SourceEmscripten\GLExtensions.h">
      <Filter>Source-Platform\Source - Emscripten</Filter>
    </ClInclude>
    <ClInclude Include="SourceEmscripten\WebRequest.h">
      <Filter>Source-Platform\Source - Emscripten</Filter>
    </ClInclude>
    <ClInclude Include="SourceAndroid\JavaInterface.h">
      <Filter>Source-Platform\Source - Android</Filter>
    </ClInclude>
    <ClInclude Include="SourceAndroid\JavaInterfaceCPP.h">
      <Filter>Source-Platform\Source - Android</Filter>
    </ClInclude>
    <ClInclude Include="SourceNaCL\GLExtensions.h">
      <Filter>Source-Platform\Source - NaCL</Filter>
    </ClInclude>
    <ClInclude Include="SourceCommon\JSON\cJSONHelpers.h">
      <Filter>Source\JSON</Filter>
    </ClInclude>
    <ClInclude Include="SourceCommon\Fonts\BMFont.h">
      <Filter>Source\Fonts</Filter>
    </ClInclude>
    <ClInclude Include="SourceCommon\DataTypes\ColorStructs.h">
      <Filter>Source\DataTypes</Filter>
    </ClInclude>
    <ClInclude Include="SourceCommon\DataTypes\MyMatrix.h">
      <Filter>Source\DataTypes</Filter>
    </ClInclude>
    <ClInclude Include="SourceCommon\DataTypes\Vector.h">
      <Filter>Source\DataTypes</Filter>
    </ClInclude>
    <ClInclude Include="SourceCommon\DataTypes\MyActivePool.h">
      <Filter>Source\DataTypes</Filter>
    </ClInclude>
    <ClInclude Include="SourceCommon\DataTypes\MyList.h">
      <Filter>Source\DataTypes</Filter>
    </ClInclude>
    <ClInclude Include="SourceCommon\Shaders\GLHelpers.h">
      <Filter>Source\Shaders</Filter>
    </ClInclude>
    <ClInclude Include="SourceCommon\DataTypes\CPPList.h">
      <Filter>Source\DataTypes</Filter>
    </ClInclude>
    <ClInclude Include="SourceIOS\IAPManagerIOS.h">
      <Filter>Source-Platform\Source - IOS</Filter>
    </ClInclude>
    <ClInclude Include="SourceCommon\Meshes\OBJLoader.h">
      <Filter>Source\Meshes</Filter>
    </ClInclude>
    <ClInclude Include="SourceCommon\DataTypes\Plane.h">
      <Filter>Source\DataTypes</Filter>
    </ClInclude>
    <ClInclude Include="SourceCommon\Meshes\MeshManager.h">
      <Filter>Source\Meshes</Filter>
    </ClInclude>
    <ClInclude Include="SourceCommon\Meshes\LightManager.h">
      <Filter>Source\Meshes</Filter>
    </ClInclude>
    <ClInclude Include="SourceCommon\Shaders\MyFileObjectShader.h">
      <Filter>Source\Shaders</Filter>
    </ClInclude>
    <ClInclude Include="SourceCommon\Helpers\MyFileObject.h">
      <Filter>Source\Helpers</Filter>
    </ClInclude>
    <ClInclude Include="SourceCommon\Meshes\MyMeshLoader.h">
      <Filter>Source\Meshes</Filter>
    </ClInclude>
    <ClInclude Include="SourceCommon\Meshes\MyAnimation.h">
      <Filter>Source\Meshes</Filter>
    </ClInclude>
    <ClInclude Include="SourceCommon\DataTypes\MyQuaternion.h">
      <Filter>Source\DataTypes</Filter>
    </ClInclude>
    <ClInclude Include="SourceCommon\Shaders\VertexFormatManager.h">
      <Filter>Source\Shaders</Filter>
    </ClInclude>
    <ClInclude Include="SourceCommon\Textures\MaterialManager.h">
      <Filter>Source\Textures</Filter>
    </ClInclude>
    <ClInclude Include="SourceCommon\Helpers\TypeInfo.h">
      <Filter>Source\Helpers</Filter>
    </ClInclude>
    <ClInclude Include="SourceCommon\Helpers\MyAssert.h">
      <Filter>Source\Helpers</Filter>
    </ClInclude>
    <ClInclude Include="SourceCommon\Textures\MaterialDefinition.h">
      <Filter>Source\Textures</Filter>
    </ClInclude>
    <ClInclude Include="SourceCommon\Helpers\GlobalEnums.h">
      <Filter>Source\Helpers</Filter>
    </ClInclude>
    <ClInclude Include="SourceCommon\Particles\ParticleRendererInstanced.h">
      <Filter>Source\Particles</Filter>
    </ClInclude>
    <ClInclude Include="SourceCommon\Physics\Box2DWorld.h">
      <Filter>Source\Physics</Filter>
    </ClInclude>
    <ClInclude Include="SourceCommon\Physics\Box2DDebugDraw.h">
      <Filter>Source\Physics</Filter>
    </ClInclude>
    <ClInclude Include="SourceCommon\Physics\Box2DContactListener.h">
      <Filter>Source\Physics</Filter>
    </ClInclude>
    <ClInclude Include="SourceCommon\Sound\SoundManager.h">
      <Filter>Source\Sound</Filter>
    </ClInclude>
    <ClInclude Include="SourceCommon\DataTypes\MyAABounds.h">
      <Filter>Source\DataTypes</Filter>
    </ClInclude>
    <ClInclude Include="SourceCommon\Memory\MyStackAllocator.h">
      <Filter>Source\Memory</Filter>
    </ClInclude>
    <ClInclude Include="SourceCommon\SceneGraphs\SceneGraph_Base.h">
      <Filter>Source\SceneGraphs</Filter>
    </ClInclude>
    <ClInclude Include="SourceCommon\SceneGraphs\SceneGraph_Flat.h">
      <Filter>Source\SceneGraphs</Filter>
    </ClInclude>
    <ClInclude Include="SourceCommon\Events\EventManager.h">
      <Filter>Source\Events</Filter>
    </ClInclude>
    <ClInclude Include="SourceCommon\Events\MyEvent.h">
      <Filter>Source\Events</Filter>
    </ClInclude>
    <ClInclude Include="SourceCommon\Events\EventTypeManager.h">
      <Filter>Source\Events</Filter>
    </ClInclude>
    <ClInclude Include="..\Libraries\LodePNG\lodepng.h">
      <Filter>Libraries\LodePNG</Filter>
    </ClInclude>
    <ClInclude Include="..\Libraries\cJSON\cJSON.h">
      <Filter>Libraries\cJSON</Filter>
    </ClInclude>
    <ClInclude Include="SourceAndroid\IAPManagerAndroid.h">
      <Filter>Source-Platform\Source - Android</Filter>
    </ClInclude>
    <ClInclude Include="SourceWindows\GamepadManagerXInput.h">
      <Filter>Source-Platform\Source - Windows</Filter>
    </ClInclude>
    <ClInclude Include="SourceCommon\Input\GamepadManager.h">
      <Filter>Source\Input</Filter>
    </ClInclude>
    <ClInclude Include="SourceCommon\DataTypes\MyTypes.h">
      <Filter>Source\DataTypes</Filter>
    </ClInclude>
    <ClInclude Include="SourceWindows\WGLExtensions.h">
      <Filter>Source-Platform\Source - Windows</Filter>
    </ClInclude>
    <ClInclude Include="SourceCommon\Sprites\My2DAnimInfo.h">
      <Filter>Source\Sprites</Filter>
    </ClInclude>
    <ClInclude Include="SourceCommon\Multithreading\MyThread.h">
      <Filter>Source\Multithreading</Filter>
    </ClInclude>
    <ClInclude Include="SourceCommon\Multithreading\MyJobManager.h">
      <Filter>Source\Multithreading</Filter>
    </ClInclude>
    <ClInclude Include="SourceNaCL\NaCLFileObject.h">
      <Filter>Source-Platform\Source - NaCL</Filter>
    </ClInclude>
    <ClInclude Include="SourceCommon\SceneGraphs\SceneGraph_Octree.h">
      <Filter>Source\SceneGraphs</Filter>
    </ClInclude>
    <ClInclude Include="SourceAndroid\SoundPlayerOpenSL.h">
      <Filter>Source-Platform\Source - Android</Filter>
    </ClInclude>
    <ClInclude Include="SourceWindows\SoundPlayerXAudio.h">
      <Filter>Source-Platform\Source - Windows</Filter>
    </ClInclude>
    <ClInclude Include="SourceWindows\SoundPlayerSDL.h">
      <Filter>Source-Platform\Source - Windows</Filter>
    </ClInclude>
    <ClInclude Include="SourceCommon\Textures\TextureDefinition.h">
      <Filter>Source\Textures</Filter>
    </ClInclude>
    <ClInclude Include="SourceWidgets\MYFWMainWx.h">
      <Filter>Source-Platform\Source - Widgets</Filter>
    </ClInclude>
    <ClInclude Include="..\Libraries\b2Settings\Box2D\Common\b2Settings.h">
      <Filter>Libraries\b2Settings</Filter>
    </ClInclude>
    <ClInclude Include="..\Libraries\pthreads-w32\include\pthread.h">
      <Filter>Libraries\pthreads-w32</Filter>
    </ClInclude>
    <ClInclude Include="..\Libraries\pthreads-w32\include\sched.h">
      <Filter>Libraries\pthreads-w32</Filter>
    </ClInclude>
    <ClInclude Include="..\Libraries\pthreads-w32\include\semaphore.h">
      <Filter>Libraries\pthreads-w32</Filter>
    </ClInclude>
    <ClInclude Include="SourceEditor\CommandStack.h">
      <Filter>Source-Editor</Filter>
    </ClInclude>
    <ClInclude Include="SourceEditor\DragAndDropHackery.h">
      <Filter>Source-Editor</Filter>
    </ClInclude>
    <ClInclude Include="SourceEditor\EditorCommands.h">
      <Filter>Source-Editor</Filter>
    </ClInclude>
    <ClInclude Include="SourceEditor\EditorViewTypes.h">
      <Filter>Source-Editor</Filter>
    </ClInclude>
    <ClInclude Include="..\Libraries\OpenSimplexInC\open-simplex-noise.h">
      <Filter>Libraries\OpenSimplexInC</Filter>
    </ClInclude>
    <ClInclude Include="..\Libraries\mtrand\mtrand.h">
      <Filter>Libraries\mtrand</Filter>
    </ClInclude>
    <ClInclude Include="..\Libraries\expr_eval\expr_eval.h">
      <Filter>Libraries\expr_eval</Filter>
    </ClInclude>
    <ClInclude Include="SourceCommon\Renderers\Old\DXWrapper.h">
      <Filter>Source\Renderers\Old</Filter>
    </ClInclude>
    <ClInclude Include="SourceCommon\Renderers\Old\OpenGLWrapper.h">
      <Filter>Source\Renderers\Old</Filter>
    </ClInclude>
    <ClInclude Include="SourceCommon\Renderers\OpenGL\Renderer_OpenGL.h">
      <Filter>Source\Renderers\OpenGL</Filter>
    </ClInclude>
    <ClInclude Include="SourceCommon\Renderers\Renderer_Base.h">
      <Filter>Source\Renderers</Filter>
    </ClInclude>
    <ClInclude Include="SourceCommon\Renderers\Renderer_Enums.h">
      <Filter>Source\Renderers</Filter>
    </ClInclude>
  </ItemGroup>
  <ItemGroup>
    <None Include="SourceIOS\ExternalToolsIOS.mm">
      <Filter>Source-Platform\Source - IOS</Filter>
    </None>
    <None Include="SourceIOS\SavedData.mm">
      <Filter>Source-Platform\Source - IOS</Filter>
    </None>
    <None Include="SourceIOS\AppController.mm">
      <Filter>Source-Platform\Source - IOS</Filter>
    </None>
    <None Include="SourceIOS\AppDelegate.mm">
      <Filter>Source-Platform\Source - IOS</Filter>
    </None>
    <None Include="SourceIOS\ViewController.mm">
      <Filter>Source-Platform\Source - IOS</Filter>
    </None>
    <None Include="SourceIOS\GameCenter.mm">
      <Filter>Source-Platform\Source - IOS</Filter>
    </None>
    <None Include="SourceAndroid\MYFWsrc\com\flathead\MYFWPackage\BMPFactoryLoader.java">
      <Filter>Source-Platform\Source - Android\Java</Filter>
    </None>
    <None Include="SourceAndroid\MYFWsrc\com\flathead\MYFWPackage\Global.java">
      <Filter>Source-Platform\Source - Android\Java</Filter>
    </None>
    <None Include="SourceAndroid\MYFWsrc\com\flathead\MYFWPackage\HTTPLayer.java">
      <Filter>Source-Platform\Source - Android\Java</Filter>
    </None>
    <None Include="SourceAndroid\MYFWsrc\com\flathead\MYFWPackage\MYFWActivity.java">
      <Filter>Source-Platform\Source - Android\Java</Filter>
    </None>
    <None Include="SourceAndroid\MYFWsrc\com\flathead\MYFWPackage\SoundPlayer.java">
      <Filter>Source-Platform\Source - Android\Java</Filter>
    </None>
    <None Include="SourceAndroid\MYFWsrc\com\flathead\MYFWPackage\IAPManager.java">
      <Filter>Source-Platform\Source - Android\Java</Filter>
    </None>
    <None Include="..\README.md" />
    <None Include="SourceCommon\DataTypes\TCPPList.h">
      <Filter>Source\DataTypes</Filter>
    </None>
    <None Include="..\Libraries\mtrand\mtreadme.txt">
      <Filter>Libraries\mtrand</Filter>
    </None>
  </ItemGroup>
</Project>